
Microsoft Visual Studio Solution File, Format Version 12.00
# Visual Studio 15
VisualStudioVersion = 15.0.28307.421
MinimumVisualStudioVersion = 10.0.40219.1
Project("{9A19103F-16F7-4668-BE54-9A1E7A4F7556}") = "CSharp", "CSharp\CSharp.csproj", "{027A3BA4-DDAC-40F2-ACBF-8289F573C03A}"
EndProject
Project("{9A19103F-16F7-4668-BE54-9A1E7A4F7556}") = "CSharpCpp", "CSharpCpp\CSharpCpp.csproj", "{4B4A4421-84EF-447F-957A-D4006577DBC8}"
	ProjectSection(ProjectDependencies) = postProject
		{027A3BA4-DDAC-40F2-ACBF-8289F573C03A} = {027A3BA4-DDAC-40F2-ACBF-8289F573C03A}
	EndProjectSection
EndProject
Project("{9A19103F-16F7-4668-BE54-9A1E7A4F7556}") = "CSharpCaller", "CSharpCaller\CSharpCaller.csproj", "{9A936B1F-0AA0-48B4-99A6-B720DE3CC6F6}"
	ProjectSection(ProjectDependencies) = postProject
		{4B4A4421-84EF-447F-957A-D4006577DBC8} = {4B4A4421-84EF-447F-957A-D4006577DBC8}
		{027A3BA4-DDAC-40F2-ACBF-8289F573C03A} = {027A3BA4-DDAC-40F2-ACBF-8289F573C03A}
	EndProjectSection
EndProject
Global
	GlobalSection(SolutionConfigurationPlatforms) = preSolution
		Debug|x64 = Debug|x64
		Release|x64 = Release|x64
	EndGlobalSection
	GlobalSection(ProjectConfigurationPlatforms) = postSolution
		{027A3BA4-DDAC-40F2-ACBF-8289F573C03A}.Debug|x64.ActiveCfg = Debug|x64
		{027A3BA4-DDAC-40F2-ACBF-8289F573C03A}.Debug|x64.Build.0 = Debug|x64
		{027A3BA4-DDAC-40F2-ACBF-8289F573C03A}.Release|x64.ActiveCfg = Release|x64
		{027A3BA4-DDAC-40F2-ACBF-8289F573C03A}.Release|x64.Build.0 = Release|x64
		{4B4A4421-84EF-447F-957A-D4006577DBC8}.Debug|x64.ActiveCfg = Debug|x64
		{4B4A4421-84EF-447F-957A-D4006577DBC8}.Debug|x64.Build.0 = Debug|x64
		{4B4A4421-84EF-447F-957A-D4006577DBC8}.Release|x64.ActiveCfg = Release|x64
		{4B4A4421-84EF-447F-957A-D4006577DBC8}.Release|x64.Build.0 = Release|x64
		{9A936B1F-0AA0-48B4-99A6-B720DE3CC6F6}.Debug|x64.ActiveCfg = Debug|x64
		{9A936B1F-0AA0-48B4-99A6-B720DE3CC6F6}.Debug|x64.Build.0 = Debug|x64
		{9A936B1F-0AA0-48B4-99A6-B720DE3CC6F6}.Release|x64.ActiveCfg = Release|x64
		{9A936B1F-0AA0-48B4-99A6-B720DE3CC6F6}.Release|x64.Build.0 = Release|x64
	EndGlobalSection
	GlobalSection(SolutionProperties) = preSolution
		HideSolutionNode = FALSE
	EndGlobalSection
	GlobalSection(ExtensibilityGlobals) = postSolution
		SolutionGuid = {4FB19B49-EBD0-4796-8C8E-D7549F0811B4}
	EndGlobalSection
EndGlobal
